// !$*UTF8*$!
{
	archiveVersion = 1;
	classes = {
	};
	objectVersion = 50;
	objects = {

/* Begin PBXBuildFile section */
		3E1FD69F24AB347B001F239A /* AppDelegate.swift in Sources */ = {isa = PBXBuildFile; fileRef = 3E1FD69E24AB347B001F239A /* AppDelegate.swift */; };
		3E1FD6A124AB347B001F239A /* SceneDelegate.swift in Sources */ = {isa = PBXBuildFile; fileRef = 3E1FD6A024AB347B001F239A /* SceneDelegate.swift */; };
		3E1FD6A324AB347B001F239A /* ViewController.swift in Sources */ = {isa = PBXBuildFile; fileRef = 3E1FD6A224AB347B001F239A /* ViewController.swift */; };
		3E1FD6A624AB347B001F239A /* Main.storyboard in Resources */ = {isa = PBXBuildFile; fileRef = 3E1FD6A424AB347B001F239A /* Main.storyboard */; };
		3E1FD6A924AB347B001F239A /* ParkingManagement.xcdatamodeld in Sources */ = {isa = PBXBuildFile; fileRef = 3E1FD6A724AB347B001F239A /* ParkingManagement.xcdatamodeld */; };
		3E1FD6AB24AB3482001F239A /* Assets.xcassets in Resources */ = {isa = PBXBuildFile; fileRef = 3E1FD6AA24AB3482001F239A /* Assets.xcassets */; };
		3E1FD6AE24AB3482001F239A /* LaunchScreen.storyboard in Resources */ = {isa = PBXBuildFile; fileRef = 3E1FD6AC24AB3482001F239A /* LaunchScreen.storyboard */; };
/* End PBXBuildFile section */

/* Begin PBXFileReference section */
		3E1FD69B24AB347B001F239A /* ParkingManagement.app */ = {isa = PBXFileReference; explicitFileType = wrapper.application; includeInIndex = 0; path = ParkingManagement.app; sourceTree = BUILT_PRODUCTS_DIR; };
		3E1FD69E24AB347B001F239A /* AppDelegate.swift */ = {isa = PBXFileReference; lastKnownFileType = sourcecode.swift; path = AppDelegate.swift; sourceTree = "<group>"; };
		3E1FD6A024AB347B001F239A /* SceneDelegate.swift */ = {isa = PBXFileReference; lastKnownFileType = sourcecode.swift; path = SceneDelegate.swift; sourceTree = "<group>"; };
		3E1FD6A224AB347B001F239A /* ViewController.swift */ = {isa = PBXFileReference; lastKnownFileType = sourcecode.swift; path = ViewController.swift; sourceTree = "<group>"; };
		3E1FD6A524AB347B001F239A /* Base */ = {isa = PBXFileReference; lastKnownFileType = file.storyboard; name = Base; path = Base.lproj/Main.storyboard; sourceTree = "<group>"; };
		3E1FD6A824AB347B001F239A /* ParkingManagement.xcdatamodel */ = {isa = PBXFileReference; lastKnownFileType = wrapper.xcdatamodel; path = ParkingManagement.xcdatamodel; sourceTree = "<group>"; };
		3E1FD6AA24AB3482001F239A /* Assets.xcassets */ = {isa = PBXFileReference; lastKnownFileType = folder.assetcatalog; path = Assets.xcassets; sourceTree = "<group>"; };
		3E1FD6AD24AB3482001F239A /* Base */ = {isa = PBXFileReference; lastKnownFileType = file.storyboard; name = Base; path = Base.lproj/LaunchScreen.storyboard; sourceTree = "<group>"; };
		3E1FD6AF24AB3482001F239A /* Info.plist */ = {isa = PBXFileReference; lastKnownFileType = text.plist.xml; path = Info.plist; sourceTree = "<group>"; };
/* End PBXFileReference section */

/* Begin PBXFrameworksBuildPhase section */
		3E1FD69824AB347B001F239A /* Frameworks */ = {
			isa = PBXFrameworksBuildPhase;
			buildActionMask = 2147483647;
			files = (
			);
			runOnlyForDeploymentPostprocessing = 0;
		};
/* End PBXFrameworksBuildPhase section */

/* Begin PBXGroup section */
		3E1FD69224AB347B001F239A = {
			isa = PBXGroup;
			children = (
				3E1FD69D24AB347B001F239A /* ParkingManagement */,
				3E1FD69C24AB347B001F239A /* Products */,
			);
			sourceTree = "<group>";
		};
		3E1FD69C24AB347B001F239A /* Products */ = {
			isa = PBXGroup;
			children = (
				3E1FD69B24AB347B001F239A /* ParkingManagement.app */,
			);
			name = Products;
			sourceTree = "<group>";
		};
		3E1FD69D24AB347B001F239A /* ParkingManagement */ = {
			isa = PBXGroup;
			children = (
				3E1FD69E24AB347B001F239A /* AppDelegate.swift */,
				3E1FD6A024AB347B001F239A /* SceneDelegate.swift */,
				3E1FD6A224AB347B001F239A /* ViewController.swift */,
				3E1FD6A424AB347B001F239A /* Main.storyboard */,
				3E1FD6AA24AB3482001F239A /* Assets.xcassets */,
				3E1FD6AC24AB3482001F239A /* LaunchScreen.storyboard */,
				3E1FD6AF24AB3482001F239A /* Info.plist */,
				3E1FD6A724AB347B001F239A /* ParkingManagement.xcdatamodeld */,
			);
			path = ParkingManagement;
			sourceTree = "<group>";
		};
/* End PBXGroup section */

/* Begin PBXNativeTarget section */
		3E1FD69A24AB347B001F239A /* ParkingManagement */ = {
			isa = PBXNativeTarget;
			buildConfigurationList = 3E1FD6B224AB3482001F239A /* Build configuration list for PBXNativeTarget "ParkingManagement" */;
			buildPhases = (
				3E1FD69724AB347B001F239A /* Sources */,
				3E1FD69824AB347B001F239A /* Frameworks */,
				3E1FD69924AB347B001F239A /* Resources */,
			);
			buildRules = (
			);
			dependencies = (
			);
			name = ParkingManagement;
			productName = ParkingManagement;
			productReference = 3E1FD69B24AB347B001F239A /* ParkingManagement.app */;
			productType = "com.apple.product-type.application";
		};
/* End PBXNativeTarget section */

/* Begin PBXProject section */
		3E1FD69324AB347B001F239A /* Project object */ = {
			isa = PBXProject;
			attributes = {
				LastSwiftUpdateCheck = 1130;
				LastUpgradeCheck = 1130;
				ORGANIZATIONNAME = Test;
				TargetAttributes = {
					3E1FD69A24AB347B001F239A = {
						CreatedOnToolsVersion = 11.3;
					};
				};
			};
			buildConfigurationList = 3E1FD69624AB347B001F239A /* Build configuration list for PBXProject "ParkingManagement" */;
			compatibilityVersion = "Xcode 9.3";
			developmentRegion = en;
			hasScannedForEncodings = 0;
			knownRegions = (
				en,
				Base,
			);
			mainGroup = 3E1FD69224AB347B001F239A;
			productRefGroup = 3E1FD69C24AB347B001F239A /* Products */;
			projectDirPath = "";
			projectRoot = "";
			targets = (
				3E1FD69A24AB347B001F239A /* ParkingManagement */,
			);
		};
/* End PBXProject section */

/* Begin PBXResourcesBuildPhase section */
		3E1FD69924AB347B001F239A /* Resources */ = {
			isa = PBXResourcesBuildPhase;
			buildActionMask = 2147483647;
			files = (
				3E1FD6AE24AB3482001F239A /* LaunchScreen.storyboard in Resources */,
				3E1FD6AB24AB3482001F239A /* Assets.xcassets in Resources */,
				3E1FD6A624AB347B001F239A /* Main.storyboard in Resources */,
			);
			runOnlyForDeploymentPostprocessing = 0;
		};
/* End PBXResourcesBuildPhase section */

/* Begin PBXSourcesBuildPhase section */
		3E1FD69724AB347B001F239A /* Sources */ = {
			isa = PBXSourcesBuildPhase;
			buildActionMask = 2147483647;
			files = (
				3E1FD6A324AB347B001F239A /* ViewController.swift in Sources */,
				3E1FD69F24AB347B001F239A /* AppDelegate.swift in Sources */,
				3E1FD6A124AB347B001F239A /* SceneDelegate.swift in Sources */,
				3E1FD6A924AB347B001F239A /* ParkingManagement.xcdatamodeld in Sources */,
			);
			runOnlyForDeploymentPostprocessing = 0;
		};
/* End PBXSourcesBuildPhase section */

/* Begin PBXVariantGroup section */
		3E1FD6A424AB347B001F239A /* Main.storyboard */ = {
			isa = PBXVariantGroup;
			children = (
				3E1FD6A524AB347B001F239A /* Base */,
			);
			name = Main.storyboard;
			sourceTree = "<group>";
		};
		3E1FD6AC24AB3482001F239A /* LaunchScreen.storyboard */ = {
			isa = PBXVariantGroup;
			children = (
				3E1FD6AD24AB3482001F239A /* Base */,
			);
			name = LaunchScreen.storyboard;
			sourceTree = "<group>";
		};
/* End PBXVariantGroup section */

/* Begin XCBuildConfiguration section */
		3E1FD6B024AB3482001F239A /* Debug */ = {
			isa = XCBuildConfiguration;
			buildSettings = {
				ALWAYS_SEARCH_USER_PATHS = NO;
				CLANG_ANALYZER_NONNULL = YES;
				CLANG_ANALYZER_NUMBER_OBJECT_CONVERSION = YES_AGGRESSIVE;
				CLANG_CXX_LANGUAGE_STANDARD = "gnu++14";
				CLANG_CXX_LIBRARY = "libc++";
				CLANG_ENABLE_MODULES = YES;
				CLANG_ENABLE_OBJC_ARC = YES;
				CLANG_ENABLE_OBJC_WEAK = YES;
				CLANG_WARN_BLOCK_CAPTURE_AUTORELEASING = YES;
				CLANG_WARN_BOOL_CONVERSION = YES;
				CLANG_WARN_COMMA = YES;
				CLANG_WARN_CONSTANT_CONVERSION = YES;
				CLANG_WARN_DEPRECATED_OBJC_IMPLEMENTATIONS = YES;
				CLANG_WARN_DIRECT_OBJC_ISA_USAGE = YES_ERROR;
				CLANG_WARN_DOCUMENTATION_COMMENTS = YES;
				CLANG_WARN_EMPTY_BODY = YES;
				CLANG_WARN_ENUM_CONVERSION = YES;
				CLANG_WARN_INFINITE_RECURSION = YES;
				CLANG_WARN_INT_CONVERSION = YES;
				CLANG_WARN_NON_LITERAL_NULL_CONVERSION = YES;
				CLANG_WARN_OBJC_IMPLICIT_RETAIN_SELF = YES;
				CLANG_WARN_OBJC_LITERAL_CONVERSION = YES;
				CLANG_WARN_OBJC_ROOT_CLASS = YES_ERROR;
				CLANG_WARN_RANGE_LOOP_ANALYSIS = YES;
				CLANG_WARN_STRICT_PROTOTYPES = YES;
				CLANG_WARN_SUSPICIOUS_MOVE = YES;
				CLANG_WARN_UNGUARDED_AVAILABILITY = YES_AGGRESSIVE;
				CLANG_WARN_UNREACHABLE_CODE = YES;
				CLANG_WARN__DUPLICATE_METHOD_MATCH = YES;
				COPY_PHASE_STRIP = NO;
				DEBUG_INFORMATION_FORMAT = dwarf;
				ENABLE_STRICT_OBJC_MSGSEND = YES;
				ENABLE_TESTABILITY = YES;
				GCC_C_LANGUAGE_STANDARD = gnu11;
				GCC_DYNAMIC_NO_PIC = NO;
				GCC_NO_COMMON_BLOCKS = YES;
				GCC_OPTIMIZATION_LEVEL = 0;
				GCC_PREPROCESSOR_DEFINITIONS = (
					"DEBUG=1",
					"$(inherited)",
				);
				GCC_WARN_64_TO_32_BIT_CONVERSION = YES;
				GCC_WARN_ABOUT_RETURN_TYPE = YES_ERROR;
				GCC_WARN_UNDECLARED_SELECTOR = YES;
				GCC_WARN_UNINITIALIZED_AUTOS = YES_AGGRESSIVE;
				GCC_WARN_UNUSED_FUNCTION = YES;
				GCC_WARN_UNUSED_VARIABLE = YES;
				IPHONEOS_DEPLOYMENT_TARGET = 13.2;
				MTL_ENABLE_DEBUG_INFO = INCLUDE_SOURCE;
				MTL_FAST_MATH = YES;
				ONLY_ACTIVE_ARCH = YES;
				SDKROOT = iphoneos;
				SWIFT_ACTIVE_COMPILATION_CONDITIONS = DEBUG;
				SWIFT_OPTIMIZATION_LEVEL = "-Onone";
			};
			name = Debug;
		};
		3E1FD6B124AB3482001F239A /* Release */ = {
			isa = XCBuildConfiguration;
			buildSettings = {
				ALWAYS_SEARCH_USER_PATHS = NO;
				CLANG_ANALYZER_NONNULL = YES;
				CLANG_ANALYZER_NUMBER_OBJECT_CONVERSION = YES_AGGRESSIVE;
				CLANG_CXX_LANGUAGE_STANDARD = "gnu++14";
				CLANG_CXX_LIBRARY = "libc++";
				CLANG_ENABLE_MODULES = YES;
				CLANG_ENABLE_OBJC_ARC = YES;
				CLANG_ENABLE_OBJC_WEAK = YES;
				CLANG_WARN_BLOCK_CAPTURE_AUTORELEASING = YES;
				CLANG_WARN_BOOL_CONVERSION = YES;
				CLANG_WARN_COMMA = YES;
				CLANG_WARN_CONSTANT_CONVERSION = YES;
				CLANG_WARN_DEPRECATED_OBJC_IMPLEMENTATIONS = YES;
				CLANG_WARN_DIRECT_OBJC_ISA_USAGE = YES_ERROR;
				CLANG_WARN_DOCUMENTATION_COMMENTS = YES;
				CLANG_WARN_EMPTY_BODY = YES;
				CLANG_WARN_ENUM_CONVERSION = YES;
				CLANG_WARN_INFINITE_RECURSION = YES;
				CLANG_WARN_INT_CONVERSION = YES;
				CLANG_WARN_NON_LITERAL_NULL_CONVERSION = YES;
				CLANG_WARN_OBJC_IMPLICIT_RETAIN_SELF = YES;
				CLANG_WARN_OBJC_LITERAL_CONVERSION = YES;
				CLANG_WARN_OBJC_ROOT_CLASS = YES_ERROR;
				CLANG_WARN_RANGE_LOOP_ANALYSIS = YES;
				CLANG_WARN_STRICT_PROTOTYPES = YES;
				CLANG_WARN_SUSPICIOUS_MOVE = YES;
				CLANG_WARN_UNGUARDED_AVAILABILITY = YES_AGGRESSIVE;
				CLANG_WARN_UNREACHABLE_CODE = YES;
				CLANG_WARN__DUPLICATE_METHOD_MATCH = YES;
				COPY_PHASE_STRIP = NO;
				DEBUG_INFORMATION_FORMAT = "dwarf-with-dsym";
				ENABLE_NS_ASSERTIONS = NO;
				ENABLE_STRICT_OBJC_MSGSEND = YES;
				GCC_C_LANGUAGE_STANDARD = gnu11;
				GCC_NO_COMMON_BLOCKS = YES;
				GCC_WARN_64_TO_32_BIT_CONVERSION = YES;
				GCC_WARN_ABOUT_RETURN_TYPE = YES_ERROR;
				GCC_WARN_UNDECLARED_SELECTOR = YES;
				GCC_WARN_UNINITIALIZED_AUTOS = YES_AGGRESSIVE;
				GCC_WARN_UNUSED_FUNCTION = YES;
				GCC_WARN_UNUSED_VARIABLE = YES;
				IPHONEOS_DEPLOYMENT_TARGET = 13.2;
				MTL_ENABLE_DEBUG_INFO = NO;
				MTL_FAST_MATH = YES;
				SDKROOT = iphoneos;
				SWIFT_COMPILATION_MODE = wholemodule;
				SWIFT_OPTIMIZATION_LEVEL = "-O";
				VALIDATE_PRODUCT = YES;
			};
			name = Release;
		};
		3E1FD6B324AB3482001F239A /* Debug */ = {
			isa = XCBuildConfiguration;
			buildSettings = {
				ASSETCATALOG_COMPILER_APPICON_NAME = AppIcon;
				CODE_SIGN_STYLE = Automatic;
				INFOPLIST_FILE = ParkingManagement/Info.plist;
				LD_RUNPATH_SEARCH_PATHS = (
					"$(inherited)",
					"@executable_path/Frameworks",
				);
				PRODUCT_BUNDLE_IDENTIFIER = com.example.ParkingManagement;
				PRODUCT_NAME = "$(TARGET_NAME)";
				SWIFT_VERSION = 5.0;
				TARGETED_DEVICE_FAMILY = "1,2";
			};
			name = Debug;
		};
		3E1FD6B424AB3482001F239A /* Release */ = {
			isa = XCBuildConfiguration;
			buildSettings = {
				ASSETCATALOG_COMPILER_APPICON_NAME = AppIcon;
				CODE_SIGN_STYLE = Automatic;
				INFOPLIST_FILE = ParkingManagement/Info.plist;
				LD_RUNPATH_SEARCH_PATHS = (
					"$(inherited)",
					"@executable_path/Frameworks",
				);
				PRODUCT_BUNDLE_IDENTIFIER = com.example.ParkingManagement;
				PRODUCT_NAME = "$(TARGET_NAME)";
				SWIFT_VERSION = 5.0;
				TARGETED_DEVICE_FAMILY = "1,2";
			};
			name = Release;
		};
/* End XCBuildConfiguration section */

/* Begin XCConfigurationList section */
		3E1FD69624AB347B001F239A /* Build configuration list for PBXProject "ParkingManagement" */ = {
			isa = XCConfigurationList;
			buildConfigurations = (
				3E1FD6B024AB3482001F239A /* Debug */,
				3E1FD6B124AB3482001F239A /* Release */,
			);
			defaultConfigurationIsVisible = 0;
			defaultConfigurationName = Release;
		};
		3E1FD6B224AB3482001F239A /* Build configuration list for PBXNativeTarget "ParkingManagement" */ = {
			isa = XCConfigurationList;
			buildConfigurations = (
				3E1FD6B324AB3482001F239A /* Debug */,
				3E1FD6B424AB3482001F239A /* Release */,
			);
			defaultConfigurationIsVisible = 0;
			defaultConfigurationName = Release;
		};
/* End XCConfigurationList section */

/* Begin XCVersionGroup section */
		3E1FD6A724AB347B001F239A /* ParkingManagement.xcdatamodeld */ = {
			isa = XCVersionGroup;
			children = (
				3E1FD6A824AB347B001F239A /* ParkingManagement.xcdatamodel */,
			);
			currentVersion = 3E1FD6A824AB347B001F239A /* ParkingManagement.xcdatamodel */;
			path = ParkingManagement.xcdatamodeld;
			sourceTree = "<group>";
			versionGroupType = wrapper.xcdatamodel;
		};
/* End XCVersionGroup section */
	};
	rootObject = 3E1FD69324AB347B001F239A /* Project object */;
}
